
Microsoft Visual Studio Solution File, Format Version 12.00
# Visual Studio Version 17
VisualStudioVersion = 17.0.31903.59
MinimumVisualStudioVersion = 10.0.40219.1
Project("{2150E333-8FDC-42A3-9474-1A3956D46DE8}") = "src", "src", "{954D175B-AE9B-488B-AAE8-11A96DEE3846}"
EndProject
Project("{FAE04EC0-301F-11D3-BF4B-00C04F79EFBC}") = "Actos", "src\Actos\Actos.csproj", "{1CED871A-E49C-4B5C-9B38-BDBBCF50FF9B}"
EndProject
Project("{2150E333-8FDC-42A3-9474-1A3956D46DE8}") = "test", "test", "{C103FC20-40FF-4F04-BB8D-0C7264CA3DE1}"
EndProject
Project("{FAE04EC0-301F-11D3-BF4B-00C04F79EFBC}") = "Actos.Tests", "test\Actos.Tests\Actos.Tests.csproj", "{56E26C48-4DC3-4284-9FF0-A054DFE3E036}"
EndProject
Project("{2150E333-8FDC-42A3-9474-1A3956D46DE8}") = "scripts", "scripts", "{D027F776-6D48-4609-8218-5EAFB1117C5E}"
EndProject
Project("{FAE04EC0-301F-11D3-BF4B-00C04F79EFBC}") = "ModelGen", "scripts\ModelGen\ModelGen.csproj", "{49506AAA-2FFF-49C5-A24A-FE79A47023FC}"
EndProject
Global
	GlobalSection(SolutionConfigurationPlatforms) = preSolution
		Debug|Any CPU = Debug|Any CPU
		Release|Any CPU = Release|Any CPU
	EndGlobalSection
	GlobalSection(SolutionProperties) = preSolution
		HideSolutionNode = FALSE
	EndGlobalSection
	GlobalSection(ProjectConfigurationPlatforms) = postSolution
		{1CED871A-E49C-4B5C-9B38-BDBBCF50FF9B}.Debug|Any CPU.ActiveCfg = Debug|Any CPU
		{1CED871A-E49C-4B5C-9B38-BDBBCF50FF9B}.Debug|Any CPU.Build.0 = Debug|Any CPU
		{1CED871A-E49C-4B5C-9B38-BDBBCF50FF9B}.Release|Any CPU.ActiveCfg = Release|Any CPU
		{1CED871A-E49C-4B5C-9B38-BDBBCF50FF9B}.Release|Any CPU.Build.0 = Release|Any CPU
		{56E26C48-4DC3-4284-9FF0-A054DFE3E036}.Debug|Any CPU.ActiveCfg = Debug|Any CPU
		{56E26C48-4DC3-4284-9FF0-A054DFE3E036}.Debug|Any CPU.Build.0 = Debug|Any CPU
		{56E26C48-4DC3-4284-9FF0-A054DFE3E036}.Release|Any CPU.ActiveCfg = Release|Any CPU
		{56E26C48-4DC3-4284-9FF0-A054DFE3E036}.Release|Any CPU.Build.0 = Release|Any CPU
		{49506AAA-2FFF-49C5-A24A-FE79A47023FC}.Debug|Any CPU.ActiveCfg = Debug|Any CPU
		{49506AAA-2FFF-49C5-A24A-FE79A47023FC}.Debug|Any CPU.Build.0 = Debug|Any CPU
		{49506AAA-2FFF-49C5-A24A-FE79A47023FC}.Release|Any CPU.ActiveCfg = Release|Any CPU
		{49506AAA-2FFF-49C5-A24A-FE79A47023FC}.Release|Any CPU.Build.0 = Release|Any CPU
	EndGlobalSection
	GlobalSection(NestedProjects) = preSolution
		{1CED871A-E49C-4B5C-9B38-BDBBCF50FF9B} = {954D175B-AE9B-488B-AAE8-11A96DEE3846}
		{56E26C48-4DC3-4284-9FF0-A054DFE3E036} = {C103FC20-40FF-4F04-BB8D-0C7264CA3DE1}
		{49506AAA-2FFF-49C5-A24A-FE79A47023FC} = {D027F776-6D48-4609-8218-5EAFB1117C5E}
	EndGlobalSection
EndGlobal
